<?xml version="1.0" encoding="utf-8"?>
<Project ToolsVersion="4.0" xmlns="http://schemas.microsoft.com/developer/msbuild/2003">
  <ItemGroup>
    <Filter Include="리소스 파일">
      <UniqueIdentifier>{67DA6AB6-F800-4c08-8B7A-83BB121AAD01}</UniqueIdentifier>
      <Extensions>rc;ico;cur;bmp;dlg;rc2;rct;bin;rgs;gif;jpg;jpeg;jpe;resx;tiff;tif;png;wav;mfcribbon-ms</Extensions>
    </Filter>
    <Filter Include="Demo">
      <UniqueIdentifier>{93995380-89BD-4b04-88EB-625FBE52EBFB}</UniqueIdentifier>
      <Extensions>h;hh;hpp;hxx;hm;inl;inc;xsd</Extensions>
    </Filter>
    <Filter Include="Basic_Frameworks">
      <UniqueIdentifier>{4FC737F1-C7A5-4376-A066-2A32D752A2FF}</UniqueIdentifier>
      <Extensions>cpp;c;cc;cxx;def;odl;idl;hpj;bat;asm;asmx</Extensions>
    </Filter>
    <Filter Include="Basic_Frameworks\Yena">
      <UniqueIdentifier>{975db873-3278-4ee0-9992-fac1a2c71688}</UniqueIdentifier>
    </Filter>
    <Filter Include="Basic_Frameworks\Yena\Device">
      <UniqueIdentifier>{f94aaaa1-4966-4179-9a8e-74444fbba1ee}</UniqueIdentifier>
    </Filter>
    <Filter Include="Basic_Frameworks\Yena\Math">
      <UniqueIdentifier>{ac793d76-bd64-41d9-a83f-24fd26fffe0e}</UniqueIdentifier>
    </Filter>
    <Filter Include="Basic_Frameworks\Yena\Dbg">
      <UniqueIdentifier>{18653a5c-63b2-4d47-a734-e4af0d7929a1}</UniqueIdentifier>
    </Filter>
    <Filter Include="Basic_Frameworks\Yena\Core">
      <UniqueIdentifier>{bcad0049-8fdf-474c-a09a-63a499c96966}</UniqueIdentifier>
    </Filter>
    <Filter Include="Basic_Frameworks\Yena\Device\Graphics">
      <UniqueIdentifier>{b09080c2-f14a-4e2a-a945-92580294b3f7}</UniqueIdentifier>
    </Filter>
    <Filter Include="Basic_Frameworks\Yena\Resource">
      <UniqueIdentifier>{2c2a9481-ab71-4835-a02e-834daba66015}</UniqueIdentifier>
    </Filter>
    <Filter Include="Doxy">
      <UniqueIdentifier>{9c966702-7566-489a-a636-20a6134e896c}</UniqueIdentifier>
    </Filter>
    <Filter Include="Basic_Frameworks\Yena\Gizmo">
      <UniqueIdentifier>{72a151e6-fb39-4a36-a10a-a946c5e66d51}</UniqueIdentifier>
    </Filter>
  </ItemGroup>
  <ItemGroup>
    <ClCompile Include="Src\main.cpp">
      <Filter>Basic_Frameworks</Filter>
    </ClCompile>
    <ClCompile Include="Src\Render.cpp">
      <Filter>Demo</Filter>
    </ClCompile>
    <ClCompile Include="Src\Device.cpp">
      <Filter>Basic_Frameworks</Filter>
    </ClCompile>
    <ClCompile Include="Yena\Yena.cpp">
      <Filter>Basic_Frameworks\Yena</Filter>
    </ClCompile>
    <ClCompile Include="Yena\ynMath.cpp">
      <Filter>Basic_Frameworks\Yena\Math</Filter>
    </ClCompile>
    <ClCompile Include="Yena\ynError.cpp">
      <Filter>Basic_Frameworks\Yena\Dbg</Filter>
    </ClCompile>
    <ClCompile Include="Yena\ynB3Graphics.cpp">
      <Filter>Basic_Frameworks\Yena\Device\Graphics</Filter>
    </ClCompile>
    <ClCompile Include="Yena\ynB3VertexBuffer.cpp">
      <Filter>Basic_Frameworks\Yena\Resource</Filter>
    </ClCompile>
    <ClCompile Include="Yena\ynGUID.cpp">
      <Filter>Basic_Frameworks\Yena\Core</Filter>
    </ClCompile>
    <ClCompile Include="Yena\ynAxis.cpp">
      <Filter>Basic_Frameworks\Yena\Gizmo</Filter>
    </ClCompile>
    <ClCompile Include="Yena\ynGrid.cpp">
      <Filter>Basic_Frameworks\Yena\Gizmo</Filter>
    </ClCompile>
  </ItemGroup>
  <ItemGroup>
    <ClInclude Include="Src\Render.h">
      <Filter>Demo</Filter>
    </ClInclude>
    <ClInclude Include="Src\Device.h">
      <Filter>Basic_Frameworks</Filter>
    </ClInclude>
    <ClInclude Include="Yena\Yena.h">
      <Filter>Basic_Frameworks\Yena</Filter>
    </ClInclude>
    <ClInclude Include="Yena\ynx9.h">
      <Filter>Basic_Frameworks\Yena\Device</Filter>
    </ClInclude>
    <ClInclude Include="Yena\ynMath.h">
      <Filter>Basic_Frameworks\Yena\Math</Filter>
    </ClInclude>
    <ClInclude Include="Yena\ynx9types.h">
      <Filter>Basic_Frameworks\Yena\Device</Filter>
    </ClInclude>
    <ClInclude Include="Yena\ynError.h">
      <Filter>Basic_Frameworks\Yena\Dbg</Filter>
    </ClInclude>
    <ClInclude Include="Yena\ynDefine.h">
      <Filter>Basic_Frameworks\Yena\Core</Filter>
    </ClInclude>
    <ClInclude Include="Yena\ynB3Graphics.h">
      <Filter>Basic_Frameworks\Yena\Device\Graphics</Filter>
    </ClInclude>
    <ClInclude Include="Yena\ynB3Class.h">
      <Filter>Basic_Frameworks\Yena\Core</Filter>
    </ClInclude>
    <ClInclude Include="Yena\ynB3VertexBuffer.h">
      <Filter>Basic_Frameworks\Yena\Resource</Filter>
    </ClInclude>
    <ClInclude Include="Yena\ynGUID.h">
      <Filter>Basic_Frameworks\Yena\Core</Filter>
    </ClInclude>
    <ClInclude Include="Yena\ynUnknownbase.h">
      <Filter>Basic_Frameworks\Yena\Core</Filter>
    </ClInclude>
    <ClInclude Include="Yena\ynAxis.h">
      <Filter>Basic_Frameworks\Yena\Gizmo</Filter>
    </ClInclude>
    <ClInclude Include="Yena\ynGrid.h">
      <Filter>Basic_Frameworks\Yena\Gizmo</Filter>
    </ClInclude>
  </ItemGroup>
  <ItemGroup>
    <Text Include="작업내용.md" />
  </ItemGroup>
  <ItemGroup>
    <None Include="ReadMe.md">
      <Filter>Doxy</Filter>
    </None>
  </ItemGroup>
</Project>